
Microsoft Visual Studio Solution File, Format Version 12.00
Project("{FAE04EC0-301F-11D3-BF4B-00C04F79EFBC}") = "UrgencyInvokeApplication", "UrgencyInvokeApplication\UrgencyInvokeApplication.csproj", "{7780E595-AFF1-4169-8F86-FB22C561E1CF}"
EndProject
Project("{FAE04EC0-301F-11D3-BF4B-00C04F79EFBC}") = "LogicalValueLibrary", "LogicalValueLibrary\LogicalValueLibrary.csproj", "{38474152-C850-43F6-8D8B-00560969DF36}"
EndProject
Project("{FAE04EC0-301F-11D3-BF4B-00C04F79EFBC}") = "LogicalValueLibraryTest", "LogicalValueLibraryTest\LogicalValueLibraryTest.csproj", "{83E61AEC-49C2-4274-9015-96BF18D50754}"
EndProject
Global
	GlobalSection(SolutionConfigurationPlatforms) = preSolution
		Debug|Any CPU = Debug|Any CPU
		Release|Any CPU = Release|Any CPU
	EndGlobalSection
	GlobalSection(ProjectConfigurationPlatforms) = postSolution
		{7780E595-AFF1-4169-8F86-FB22C561E1CF}.Debug|Any CPU.ActiveCfg = Debug|Any CPU
		{7780E595-AFF1-4169-8F86-FB22C561E1CF}.Debug|Any CPU.Build.0 = Debug|Any CPU
		{7780E595-AFF1-4169-8F86-FB22C561E1CF}.Release|Any CPU.ActiveCfg = Release|Any CPU
		{7780E595-AFF1-4169-8F86-FB22C561E1CF}.Release|Any CPU.Build.0 = Release|Any CPU
		{38474152-C850-43F6-8D8B-00560969DF36}.Debug|Any CPU.ActiveCfg = Debug|Any CPU
		{38474152-C850-43F6-8D8B-00560969DF36}.Debug|Any CPU.Build.0 = Debug|Any CPU
		{38474152-C850-43F6-8D8B-00560969DF36}.Release|Any CPU.ActiveCfg = Release|Any CPU
		{38474152-C850-43F6-8D8B-00560969DF36}.Release|Any CPU.Build.0 = Release|Any CPU
		{83E61AEC-49C2-4274-9015-96BF18D50754}.Debug|Any CPU.ActiveCfg = Debug|Any CPU
		{83E61AEC-49C2-4274-9015-96BF18D50754}.Debug|Any CPU.Build.0 = Debug|Any CPU
		{83E61AEC-49C2-4274-9015-96BF18D50754}.Release|Any CPU.ActiveCfg = Release|Any CPU
		{83E61AEC-49C2-4274-9015-96BF18D50754}.Release|Any CPU.Build.0 = Release|Any CPU
	EndGlobalSection
EndGlobal
